
Microsoft Visual Studio Solution File, Format Version 12.00
# Visual Studio Version 16
VisualStudioVersion = 16.0.30011.22
MinimumVisualStudioVersion = 10.0.40219.1
Project("{FAE04EC0-301F-11D3-BF4B-00C04F79EFBC}") = "CreateDrawing", "CreateDrawing.csproj", "{AD92B2BB-FE23-4E21-A43C-0B5EBD87C4D7}"
EndProject
Project("{2150E333-8FDC-42A3-9474-1A3956D46DE8}") = "Drafting", "Drafting", "{CEDADECF-8FBD-4715-B9E5-8C62AAF49B60}"
	ProjectSection(SolutionItems) = preProject
		Assembly.cs = Assembly.cs
		Part.cs = Part.cs
		SheetMetal.cs = SheetMetal.cs
	EndProjectSection
EndProject
Global
	GlobalSection(SolutionConfigurationPlatforms) = preSolution
		Debug|Any CPU = Debug|Any CPU
		Release|Any CPU = Release|Any CPU
	EndGlobalSection
	GlobalSection(ProjectConfigurationPlatforms) = postSolution
		{AD92B2BB-FE23-4E21-A43C-0B5EBD87C4D7}.Debug|Any CPU.ActiveCfg = Debug|Any CPU
		{AD92B2BB-FE23-4E21-A43C-0B5EBD87C4D7}.Debug|Any CPU.Build.0 = Debug|Any CPU
		{AD92B2BB-FE23-4E21-A43C-0B5EBD87C4D7}.Release|Any CPU.ActiveCfg = Release|Any CPU
		{AD92B2BB-FE23-4E21-A43C-0B5EBD87C4D7}.Release|Any CPU.Build.0 = Release|Any CPU
	EndGlobalSection
	GlobalSection(SolutionProperties) = preSolution
		HideSolutionNode = FALSE
	EndGlobalSection
	GlobalSection(ExtensibilityGlobals) = postSolution
		SolutionGuid = {CBB10D75-C313-4F3F-88F5-619E95E3C3B5}
	EndGlobalSection
EndGlobal
